
Microsoft Visual Studio Solution File, Format Version 12.00
# Visual Studio Version 16
VisualStudioVersion = 16.0.33328.57
MinimumVisualStudioVersion = 10.0.40219.1
Project("{FAE04EC0-301F-11D3-BF4B-00C04F79EFBC}") = "Project1.WebSite", "Project1.WebSite\Project1.WebSite.csproj", "{B253221C-24F2-4C8D-8B45-FD0F76E139EB}"
EndProject
Global
	GlobalSection(SolutionConfigurationPlatforms) = preSolution
		Debug|Any CPU = Debug|Any CPU
		Release|Any CPU = Release|Any CPU
	EndGlobalSection
	GlobalSection(ProjectConfigurationPlatforms) = postSolution
		{B253221C-24F2-4C8D-8B45-FD0F76E139EB}.Debug|Any CPU.ActiveCfg = Debug|Any CPU
		{B253221C-24F2-4C8D-8B45-FD0F76E139EB}.Debug|Any CPU.Build.0 = Debug|Any CPU
		{B253221C-24F2-4C8D-8B45-FD0F76E139EB}.Release|Any CPU.ActiveCfg = Release|Any CPU
		{B253221C-24F2-4C8D-8B45-FD0F76E139EB}.Release|Any CPU.Build.0 = Release|Any CPU
	EndGlobalSection
	GlobalSection(SolutionProperties) = preSolution
		HideSolutionNode = FALSE
	EndGlobalSection
	GlobalSection(ExtensibilityGlobals) = postSolution
		SolutionGuid = {5CF2293E-790C-43E4-BE1C-3630AC37EA0B}
	EndGlobalSection
EndGlobal
